PODS:
  - OCHamcrest (6.1.1)
  - OCMockito (4.1.0):
    - OCHamcrest (~> 6.0)
  - PodRTC (65.8.0.0)
  - Socket.IO-Client-Swift (15.0.0):
    - Starscream (~> 3.1)
  - Starscream (3.1.1)

DEPENDENCIES:
  - OCMockito (~> 4.0)
  - PodRTC (= 65.8.0.0)
  - Socket.IO-Client-Swift (~> 15.0.0)

SPEC REPOS:
  https://github.com/CocoaPods/Specs.git:
    - OCHamcrest
    - OCMockito
    - PodRTC
    - Socket.IO-Client-Swift
    - Starscream

SPEC CHECKSUMS:
  OCHamcrest: 363e1bf738c3e8a94abe7c2c415f70d671adde38
  OCMockito: bceefcd365252bcdf8b59c1b2bd23890805fc0d8
  PodRTC: 561a2e8f05224f7ca3090dd27f507478337b12f4
  Socket.IO-Client-Swift: c039a808195d22a7192962841b8c035cb61ea49e
  Starscream: 4bb2f9942274833f7b4d296a55504dcfc7edb7b0

PODFILE CHECKSUM: 1026e3626308bef9fa0cf9316ee5a6114e024fbd

COCOAPODS: 1.10.1
